{
  "bin/bundle:444457918": [
    [66, 5, 20, "ThreadSafety/ClassInstanceVariable: Avoid class instance variables.", 2485198147]
  ],
  "rubocop-ruby2_1.gemspec:141068699": [
    [23, 32, 8, "Gemspec/RequiredRubyVersion: `required_ruby_version` and `TargetRubyVersion` (2.1, which may be specified in .rubocop.yml) should be equal.", 484936141]
  ]
}
